
Microsoft Visual Studio Solution File, Format Version 12.00
# Visual Studio Version 16
VisualStudioVersion = 16.0.31410.357
MinimumVisualStudioVersion = 10.0.40219.1
Project("{FAE04EC0-301F-11D3-BF4B-00C04F79EFBC}") = "Srp", "Srp\Srp.csproj", "{C3B1C5C4-390D-4F2D-BA19-E4D62D933A1E}"
EndProject
Project("{FAE04EC0-301F-11D3-BF4B-00C04F79EFBC}") = "Ocp", "Ocp\Ocp.csproj", "{9BAC1914-A5BC-44A6-A0B3-A0BAE3220548}"
EndProject
Project("{FAE04EC0-301F-11D3-BF4B-00C04F79EFBC}") = "Lsp", "Lsp\Lsp.csproj", "{49395983-1720-4004-BE4C-71C6F4C7205F}"
EndProject
Project("{FAE04EC0-301F-11D3-BF4B-00C04F79EFBC}") = "Isp", "Isp\Isp.csproj", "{B2DA42C6-E8BA-4327-8D67-A2CF21D05FDB}"
EndProject
Project("{FAE04EC0-301F-11D3-BF4B-00C04F79EFBC}") = "Dip", "Dip\Dip.csproj", "{306D6230-8237-4309-8463-CA029071E8E2}"
EndProject
Global
	GlobalSection(SolutionConfigurationPlatforms) = preSolution
		Debug|Any CPU = Debug|Any CPU
		Release|Any CPU = Release|Any CPU
	EndGlobalSection
	GlobalSection(ProjectConfigurationPlatforms) = postSolution
		{C3B1C5C4-390D-4F2D-BA19-E4D62D933A1E}.Debug|Any CPU.ActiveCfg = Debug|Any CPU
		{C3B1C5C4-390D-4F2D-BA19-E4D62D933A1E}.Debug|Any CPU.Build.0 = Debug|Any CPU
		{C3B1C5C4-390D-4F2D-BA19-E4D62D933A1E}.Release|Any CPU.ActiveCfg = Release|Any CPU
		{C3B1C5C4-390D-4F2D-BA19-E4D62D933A1E}.Release|Any CPU.Build.0 = Release|Any CPU
		{9BAC1914-A5BC-44A6-A0B3-A0BAE3220548}.Debug|Any CPU.ActiveCfg = Debug|Any CPU
		{9BAC1914-A5BC-44A6-A0B3-A0BAE3220548}.Debug|Any CPU.Build.0 = Debug|Any CPU
		{9BAC1914-A5BC-44A6-A0B3-A0BAE3220548}.Release|Any CPU.ActiveCfg = Release|Any CPU
		{9BAC1914-A5BC-44A6-A0B3-A0BAE3220548}.Release|Any CPU.Build.0 = Release|Any CPU
		{49395983-1720-4004-BE4C-71C6F4C7205F}.Debug|Any CPU.ActiveCfg = Debug|Any CPU
		{49395983-1720-4004-BE4C-71C6F4C7205F}.Debug|Any CPU.Build.0 = Debug|Any CPU
		{49395983-1720-4004-BE4C-71C6F4C7205F}.Release|Any CPU.ActiveCfg = Release|Any CPU
		{49395983-1720-4004-BE4C-71C6F4C7205F}.Release|Any CPU.Build.0 = Release|Any CPU
		{B2DA42C6-E8BA-4327-8D67-A2CF21D05FDB}.Debug|Any CPU.ActiveCfg = Debug|Any CPU
		{B2DA42C6-E8BA-4327-8D67-A2CF21D05FDB}.Debug|Any CPU.Build.0 = Debug|Any CPU
		{B2DA42C6-E8BA-4327-8D67-A2CF21D05FDB}.Release|Any CPU.ActiveCfg = Release|Any CPU
		{B2DA42C6-E8BA-4327-8D67-A2CF21D05FDB}.Release|Any CPU.Build.0 = Release|Any CPU
		{306D6230-8237-4309-8463-CA029071E8E2}.Debug|Any CPU.ActiveCfg = Debug|Any CPU
		{306D6230-8237-4309-8463-CA029071E8E2}.Debug|Any CPU.Build.0 = Debug|Any CPU
		{306D6230-8237-4309-8463-CA029071E8E2}.Release|Any CPU.ActiveCfg = Release|Any CPU
		{306D6230-8237-4309-8463-CA029071E8E2}.Release|Any CPU.Build.0 = Release|Any CPU
	EndGlobalSection
	GlobalSection(SolutionProperties) = preSolution
		HideSolutionNode = FALSE
	EndGlobalSection
	GlobalSection(ExtensibilityGlobals) = postSolution
		SolutionGuid = {A093CBB3-1FC0-4D26-87C7-FF8FB4457939}
	EndGlobalSection
EndGlobal
