
Microsoft Visual Studio Solution File, Format Version 12.00
# Visual Studio Version 16
VisualStudioVersion = 16.0.31410.357
MinimumVisualStudioVersion = 10.0.40219.1
Project("{FAE04EC0-301F-11D3-BF4B-00C04F79EFBC}") = "FactoryMethod", "FactoryMethod\FactoryMethod.csproj", "{9621D19A-CFC4-434C-B3D8-BB19986CA658}"
EndProject
Project("{FAE04EC0-301F-11D3-BF4B-00C04F79EFBC}") = "AbstractFactory", "AbstractFactory\AbstractFactory.csproj", "{AA7321DF-1D63-4E02-847B-26F9B9252607}"
EndProject
Project("{FAE04EC0-301F-11D3-BF4B-00C04F79EFBC}") = "Builder", "Builder\Builder.csproj", "{DD1A757E-0BF1-4401-A4DE-E2175EFE6FEB}"
EndProject
Project("{FAE04EC0-301F-11D3-BF4B-00C04F79EFBC}") = "Prototype", "Prototype\Prototype.csproj", "{F931383E-C47F-481F-899E-D75F6FD8FAD1}"
EndProject
Project("{FAE04EC0-301F-11D3-BF4B-00C04F79EFBC}") = "Singleton", "Singleton\Singleton.csproj", "{2A81E98D-9F76-4C3F-9315-8884E4BE6C64}"
EndProject
Global
	GlobalSection(SolutionConfigurationPlatforms) = preSolution
		Debug|Any CPU = Debug|Any CPU
		Release|Any CPU = Release|Any CPU
	EndGlobalSection
	GlobalSection(ProjectConfigurationPlatforms) = postSolution
		{9621D19A-CFC4-434C-B3D8-BB19986CA658}.Debug|Any CPU.ActiveCfg = Debug|Any CPU
		{9621D19A-CFC4-434C-B3D8-BB19986CA658}.Debug|Any CPU.Build.0 = Debug|Any CPU
		{9621D19A-CFC4-434C-B3D8-BB19986CA658}.Release|Any CPU.ActiveCfg = Release|Any CPU
		{9621D19A-CFC4-434C-B3D8-BB19986CA658}.Release|Any CPU.Build.0 = Release|Any CPU
		{AA7321DF-1D63-4E02-847B-26F9B9252607}.Debug|Any CPU.ActiveCfg = Debug|Any CPU
		{AA7321DF-1D63-4E02-847B-26F9B9252607}.Debug|Any CPU.Build.0 = Debug|Any CPU
		{AA7321DF-1D63-4E02-847B-26F9B9252607}.Release|Any CPU.ActiveCfg = Release|Any CPU
		{AA7321DF-1D63-4E02-847B-26F9B9252607}.Release|Any CPU.Build.0 = Release|Any CPU
		{DD1A757E-0BF1-4401-A4DE-E2175EFE6FEB}.Debug|Any CPU.ActiveCfg = Debug|Any CPU
		{DD1A757E-0BF1-4401-A4DE-E2175EFE6FEB}.Debug|Any CPU.Build.0 = Debug|Any CPU
		{DD1A757E-0BF1-4401-A4DE-E2175EFE6FEB}.Release|Any CPU.ActiveCfg = Release|Any CPU
		{DD1A757E-0BF1-4401-A4DE-E2175EFE6FEB}.Release|Any CPU.Build.0 = Release|Any CPU
		{F931383E-C47F-481F-899E-D75F6FD8FAD1}.Debug|Any CPU.ActiveCfg = Debug|Any CPU
		{F931383E-C47F-481F-899E-D75F6FD8FAD1}.Debug|Any CPU.Build.0 = Debug|Any CPU
		{F931383E-C47F-481F-899E-D75F6FD8FAD1}.Release|Any CPU.ActiveCfg = Release|Any CPU
		{F931383E-C47F-481F-899E-D75F6FD8FAD1}.Release|Any CPU.Build.0 = Release|Any CPU
		{2A81E98D-9F76-4C3F-9315-8884E4BE6C64}.Debug|Any CPU.ActiveCfg = Debug|Any CPU
		{2A81E98D-9F76-4C3F-9315-8884E4BE6C64}.Debug|Any CPU.Build.0 = Debug|Any CPU
		{2A81E98D-9F76-4C3F-9315-8884E4BE6C64}.Release|Any CPU.ActiveCfg = Release|Any CPU
		{2A81E98D-9F76-4C3F-9315-8884E4BE6C64}.Release|Any CPU.Build.0 = Release|Any CPU
	EndGlobalSection
	GlobalSection(SolutionProperties) = preSolution
		HideSolutionNode = FALSE
	EndGlobalSection
	GlobalSection(ExtensibilityGlobals) = postSolution
		SolutionGuid = {D33FDE60-F1F1-4D30-9210-5434A32583F8}
	EndGlobalSection
EndGlobal
